{
  "name": "language-learning-app",
  "lockfileVersion": 3,
  "requires": true,
  "packages": {
    "": {
      "name": "language-learning-app",
      "license": "UNLICENSED",
      "dependencies": {
        "ts-fsrs": "^5.4.2"
      }
    },
    "node_modules/ts-fsrs": {
      "version": "5.4.2",
      "resolved": "https://registry.npmjs.org/ts-fsrs/-/ts-fsrs-5.4.2.tgz",
      "integrity": "sha512-z4qop4pzTcyTzuJ566d9EaX/4bZZzhYfeaPImfVr+xcYT65c5oBgFDijUhCE/D+C78eaolHIhKRZ04/RwF+v2g==",
      "license": "MIT",
      "engines": {
        "node": ">=20.0.0"
      }
    }
  }
}
